
Microsoft Visual Studio Solution File, Format Version 12.00
# Visual Studio Version 17
VisualStudioVersion = 17.8.34330.188
MinimumVisualStudioVersion = 10.0.40219.1
Project("{FAE04EC0-301F-11D3-BF4B-00C04F79EFBC}") = "Stuctures", "Stuctures\Stuctures.csproj", "{2516E9CA-75D4-4B4F-9496-744481B6A93E}"
EndProject
Global
	GlobalSection(SolutionConfigurationPlatforms) = preSolution
		Debug|Any CPU = Debug|Any CPU
		Release|Any CPU = Release|Any CPU
	EndGlobalSection
	GlobalSection(ProjectConfigurationPlatforms) = postSolution
		{2516E9CA-75D4-4B4F-9496-744481B6A93E}.Debug|Any CPU.ActiveCfg = Debug|Any CPU
		{2516E9CA-75D4-4B4F-9496-744481B6A93E}.Debug|Any CPU.Build.0 = Debug|Any CPU
		{2516E9CA-75D4-4B4F-9496-744481B6A93E}.Release|Any CPU.ActiveCfg = Release|Any CPU
		{2516E9CA-75D4-4B4F-9496-744481B6A93E}.Release|Any CPU.Build.0 = Release|Any CPU
	EndGlobalSection
	GlobalSection(SolutionProperties) = preSolution
		HideSolutionNode = FALSE
	EndGlobalSection
	GlobalSection(ExtensibilityGlobals) = postSolution
		SolutionGuid = {156D3AC2-40CF-4A99-B2AE-4403969A8BDF}
	EndGlobalSection
EndGlobal
